
Microsoft Visual Studio Solution File, Format Version 12.00
# Visual Studio 15
Project("{FAE04EC0-301F-11D3-BF4B-00C04F79EFBC}") = "FishingJoy", "FishingJoy.csproj", "{7C19F37D-7863-17D5-50D2-97CA6CB82804}"
EndProject
Project("{FAE04EC0-301F-11D3-BF4B-00C04F79EFBC}") = "FishingJoy.Editor", "FishingJoy.Editor.csproj", "{C4A6A837-63C5-A97F-A54E-F830A0AB35F1}"
EndProject
Global
	GlobalSection(SolutionConfigurationPlatforms) = preSolution
		Debug|Any CPU = Debug|Any CPU
		Release|Any CPU = Release|Any CPU
	EndGlobalSection
	GlobalSection(ProjectConfigurationPlatforms) = postSolution
		{7C19F37D-7863-17D5-50D2-97CA6CB82804}.Debug|Any CPU.ActiveCfg = Debug|Any CPU
		{7C19F37D-7863-17D5-50D2-97CA6CB82804}.Debug|Any CPU.Build.0 = Debug|Any CPU
		{7C19F37D-7863-17D5-50D2-97CA6CB82804}.Release|Any CPU.ActiveCfg = Release|Any CPU
		{7C19F37D-7863-17D5-50D2-97CA6CB82804}.Release|Any CPU.Build.0 = Release|Any CPU
		{C4A6A837-63C5-A97F-A54E-F830A0AB35F1}.Debug|Any CPU.ActiveCfg = Debug|Any CPU
		{C4A6A837-63C5-A97F-A54E-F830A0AB35F1}.Debug|Any CPU.Build.0 = Debug|Any CPU
		{C4A6A837-63C5-A97F-A54E-F830A0AB35F1}.Release|Any CPU.ActiveCfg = Release|Any CPU
		{C4A6A837-63C5-A97F-A54E-F830A0AB35F1}.Release|Any CPU.Build.0 = Release|Any CPU
	EndGlobalSection
	GlobalSection(SolutionProperties) = preSolution
		HideSolutionNode = FALSE
	EndGlobalSection
EndGlobal
